Microsoft Visual Studio Solution File, Format Version 12.00
# Visual Studio Version 17
VisualStudioVersion = 17.5.2.0
MinimumVisualStudioVersion = 10.0.40219.1
Project("{FAE04EC0-301F-11D3-BF4B-00C04F79EFBC}") = "rest-dotnet", "rest-dotnet.csproj", "{EE86240E-E131-87CA-E07F-1A68E0AD99D5}"
EndProject
Global
	GlobalSection(SolutionConfigurationPlatforms) = preSolution
		Debug|Any CPU = Debug|Any CPU
		Release|Any CPU = Release|Any CPU
	EndGlobalSection
	GlobalSection(ProjectConfigurationPlatforms) = postSolution
		{EE86240E-E131-87CA-E07F-1A68E0AD99D5}.Debug|Any CPU.ActiveCfg = Debug|Any CPU
		{EE86240E-E131-87CA-E07F-1A68E0AD99D5}.Debug|Any CPU.Build.0 = Debug|Any CPU
		{EE86240E-E131-87CA-E07F-1A68E0AD99D5}.Release|Any CPU.ActiveCfg = Release|Any CPU
		{EE86240E-E131-87CA-E07F-1A68E0AD99D5}.Release|Any CPU.Build.0 = Release|Any CPU
	EndGlobalSection
	GlobalSection(SolutionProperties) = preSolution
		HideSolutionNode = FALSE
	EndGlobalSection
	GlobalSection(ExtensibilityGlobals) = postSolution
		SolutionGuid = {5AC29EDF-E067-4849-872A-51AA0C3C48BB}
	EndGlobalSection
EndGlobal
